
Microsoft Visual Studio Solution File, Format Version 12.00
# Visual Studio Version 17
VisualStudioVersion = 17.3.32825.248
MinimumVisualStudioVersion = 10.0.40219.1
Project("{8BC9CEB8-8B4A-11D0-8D11-00A0C91BC942}") = "Russia", "Russia.vcxproj", "{EDDB3BE9-1BC3-4701-B35D-49698B7F568E}"
EndProject
Global
	GlobalSection(SolutionConfigurationPlatforms) = preSolution
		Debug|x64 = Debug|x64
		Debug|x86 = Debug|x86
		Release|x64 = Release|x64
		Release|x86 = Release|x86
	EndGlobalSection
	GlobalSection(ProjectConfigurationPlatforms) = postSolution
		{EDDB3BE9-1BC3-4701-B35D-49698B7F568E}.Debug|x64.ActiveCfg = Debug|x64
		{EDDB3BE9-1BC3-4701-B35D-49698B7F568E}.Debug|x64.Build.0 = Debug|x64
		{EDDB3BE9-1BC3-4701-B35D-49698B7F568E}.Debug|x86.ActiveCfg = Debug|Win32
		{EDDB3BE9-1BC3-4701-B35D-49698B7F568E}.Debug|x86.Build.0 = Debug|Win32
		{EDDB3BE9-1BC3-4701-B35D-49698B7F568E}.Release|x64.ActiveCfg = Release|x64
		{EDDB3BE9-1BC3-4701-B35D-49698B7F568E}.Release|x64.Build.0 = Release|x64
		{EDDB3BE9-1BC3-4701-B35D-49698B7F568E}.Release|x86.ActiveCfg = Release|Win32
		{EDDB3BE9-1BC3-4701-B35D-49698B7F568E}.Release|x86.Build.0 = Release|Win32
	EndGlobalSection
	GlobalSection(SolutionProperties) = preSolution
		HideSolutionNode = FALSE
	EndGlobalSection
	GlobalSection(ExtensibilityGlobals) = postSolution
		SolutionGuid = {1CE8FD26-A271-4C59-B688-B92C8A594E92}
	EndGlobalSection
EndGlobal
